// !$*UTF8*$!
{
	archiveVersion = 1;
	classes = {
	};
	objectVersion = 77;
	objects = {

/* Begin PBXBuildFile section */
		3412780AE299E24E1660A6BE /* AudioService.swift in Sources */ = {isa = PBXBuildFile; fileRef = F52CA48D88588952DA527E63 /* AudioService.swift */; };
		448094AE4D40CC19660BD24B /* DailyProgress.swift in Sources */ = {isa = PBXBuildFile; fileRef = 75487075333F190A1F70F209 /* DailyProgress.swift */; };
		56DCB093D516B6D97396382F /* ConfettiView.swift in Sources */ = {isa = PBXBuildFile; fileRef = 5EEEEF4441528A21816333F6 /* ConfettiView.swift */; };
		68FE81C74B96B3FB769FF523 /* AudioKitEX in Frameworks */ = {isa = PBXBuildFile; productRef = 63CED006F037579086B431A7 /* AudioKitEX */; };
		6D8FF8ADF99D2C3AC091113C /* PracticeView.swift in Sources */ = {isa = PBXBuildFile; fileRef = 3870A9705128AD41F8E5A507 /* PracticeView.swift */; };
		71CC1C96965F71C37E2EC6CD /* MusicNote.swift in Sources */ = {isa = PBXBuildFile; fileRef = BF9EF232BE335815432AA91B /* MusicNote.swift */; };
		775D8A0D8DCD98F2DA15431E /* SoundpipeAudioKit in Frameworks */ = {isa = PBXBuildFile; productRef = 9359448668D66A5A0E5630E2 /* SoundpipeAudioKit */; };
		800978C25ADA096F2B49A610 /* MusicaTests.swift in Sources */ = {isa = PBXBuildFile; fileRef = BE5732B7AB308699D428C573 /* MusicaTests.swift */; };
		8F81A70F6DF61A5FF57599D2 /* MicIndicatorView.swift in Sources */ = {isa = PBXBuildFile; fileRef = F4A2BE5116675C2900855DB9 /* MicIndicatorView.swift */; };
		A602477C60645649BBCEA9B1 /* PianoHintView.swift in Sources */ = {isa = PBXBuildFile; fileRef = F94B29ECE03EABB976AAD599 /* PianoHintView.swift */; };
		B19E81444F0F11DA0CDBAFD3 /* SadFaceView.swift in Sources */ = {isa = PBXBuildFile; fileRef = 38D74ABAAD6A81F091A7A154 /* SadFaceView.swift */; };
		B498F67FEAB7647F6DA3F75D /* CounterView.swift in Sources */ = {isa = PBXBuildFile; fileRef = 0F690D99412AEEDA941E8EA8 /* CounterView.swift */; };
		B7DEAEF1B6C80FDF16234312 /* MusicaApp.swift in Sources */ = {isa = PBXBuildFile; fileRef = C6C912AFB129EE193B9A88D4 /* MusicaApp.swift */; };
		BC8DE7594470F10E7C05869F /* Profile.swift in Sources */ = {isa = PBXBuildFile; fileRef = 1F2D4EECA02ADBEE1F0FFAFE /* Profile.swift */; };
		BD990F2EAC46AF8CDDBBFA56 /* MusicNoteTests.swift in Sources */ = {isa = PBXBuildFile; fileRef = F23FCC119CD1E9456F16C06E /* MusicNoteTests.swift */; };
		BFF7A9038D9CED95F9AC07FC /* CreateProfileView.swift in Sources */ = {isa = PBXBuildFile; fileRef = 128B16F4AB81A1ED6E962CAF /* CreateProfileView.swift */; };
		C828DE1E71701AD1670549F4 /* AudioKit in Frameworks */ = {isa = PBXBuildFile; productRef = C70BF33E4254F5FCF381D020 /* AudioKit */; };
		CD6E707DB7F1F82055D6D4A9 /* StaffView.swift in Sources */ = {isa = PBXBuildFile; fileRef = E089D3CED61080EB3896FC94 /* StaffView.swift */; };
		D86A739580DCD72C0416AB49 /* PracticeViewModel.swift in Sources */ = {isa = PBXBuildFile; fileRef = 401D55854170AC7BB387B422 /* PracticeViewModel.swift */; };
		E5799AB828240C6E0418476C /* AvatarView.swift in Sources */ = {isa = PBXBuildFile; fileRef = 5F9A4FE7198239C1BAE79B5E /* AvatarView.swift */; };
		EBDE7BF138DBE78731FAEA2A /* ProfileListView.swift in Sources */ = {isa = PBXBuildFile; fileRef = 52E40A56BE22DF436C64BD6B /* ProfileListView.swift */; };
		F4C3E38E2A001928B0908119 /* Config.swift in Sources */ = {isa = PBXBuildFile; fileRef = 456417FCA724FF7836597821 /* Config.swift */; };
/* End PBXBuildFile section */

/* Begin PBXContainerItemProxy section */
		08029DE17E30F0D587981BAE /* PBXContainerItemProxy */ = {
			isa = PBXContainerItemProxy;
			containerPortal = D72713B59927EF2CF2A744E7 /* Project object */;
			proxyType = 1;
			remoteGlobalIDString = 7FB2F0D37EE8B5A7F6284AEC;
			remoteInfo = Musica;
		};
/* End PBXContainerItemProxy section */

/* Begin PBXFileReference section */
		0F690D99412AEEDA941E8EA8 /* CounterView.swift */ = {isa = PBXFileReference; lastKnownFileType = sourcecode.swift; path = CounterView.swift; sourceTree = "<group>"; };
		128B16F4AB81A1ED6E962CAF /* CreateProfileView.swift */ = {isa = PBXFileReference; lastKnownFileType = sourcecode.swift; path = CreateProfileView.swift; sourceTree = "<group>"; };
		1F2D4EECA02ADBEE1F0FFAFE /* Profile.swift */ = {isa = PBXFileReference; lastKnownFileType = sourcecode.swift; path = Profile.swift; sourceTree = "<group>"; };
		25B1362092BDCDA84539BBAB /* MusicaTests.xctest */ = {isa = PBXFileReference; includeInIndex = 0; lastKnownFileType = wrapper.cfbundle; path = MusicaTests.xctest; sourceTree = BUILT_PRODUCTS_DIR; };
		2AA8771FECABB3D83ED34780 /* Musica.app */ = {isa = PBXFileReference; includeInIndex = 0; lastKnownFileType = wrapper.application; path = Musica.app; sourceTree = BUILT_PRODUCTS_DIR; };
		3870A9705128AD41F8E5A507 /* PracticeView.swift */ = {isa = PBXFileReference; lastKnownFileType = sourcecode.swift; path = PracticeView.swift; sourceTree = "<group>"; };
		38D74ABAAD6A81F091A7A154 /* SadFaceView.swift */ = {isa = PBXFileReference; lastKnownFileType = sourcecode.swift; path = SadFaceView.swift; sourceTree = "<group>"; };
		401D55854170AC7BB387B422 /* PracticeViewModel.swift */ = {isa = PBXFileReference; lastKnownFileType = sourcecode.swift; path = PracticeViewModel.swift; sourceTree = "<group>"; };
		456417FCA724FF7836597821 /* Config.swift */ = {isa = PBXFileReference; lastKnownFileType = sourcecode.swift; path = Config.swift; sourceTree = "<group>"; };
		52E40A56BE22DF436C64BD6B /* ProfileListView.swift */ = {isa = PBXFileReference; lastKnownFileType = sourcecode.swift; path = ProfileListView.swift; sourceTree = "<group>"; };
		5EEEEF4441528A21816333F6 /* ConfettiView.swift */ = {isa = PBXFileReference; lastKnownFileType = sourcecode.swift; path = ConfettiView.swift; sourceTree = "<group>"; };
		5F9A4FE7198239C1BAE79B5E /* AvatarView.swift */ = {isa = PBXFileReference; lastKnownFileType = sourcecode.swift; path = AvatarView.swift; sourceTree = "<group>"; };
		75487075333F190A1F70F209 /* DailyProgress.swift */ = {isa = PBXFileReference; lastKnownFileType = sourcecode.swift; path = DailyProgress.swift; sourceTree = "<group>"; };
		BE5732B7AB308699D428C573 /* MusicaTests.swift */ = {isa = PBXFileReference; lastKnownFileType = sourcecode.swift; path = MusicaTests.swift; sourceTree = "<group>"; };
		BF9EF232BE335815432AA91B /* MusicNote.swift */ = {isa = PBXFileReference; lastKnownFileType = sourcecode.swift; path = MusicNote.swift; sourceTree = "<group>"; };
		C6C912AFB129EE193B9A88D4 /* MusicaApp.swift */ = {isa = PBXFileReference; lastKnownFileType = sourcecode.swift; path = MusicaApp.swift; sourceTree = "<group>"; };
		E089D3CED61080EB3896FC94 /* StaffView.swift */ = {isa = PBXFileReference; lastKnownFileType = sourcecode.swift; path = StaffView.swift; sourceTree = "<group>"; };
		F23FCC119CD1E9456F16C06E /* MusicNoteTests.swift */ = {isa = PBXFileReference; lastKnownFileType = sourcecode.swift; path = MusicNoteTests.swift; sourceTree = "<group>"; };
		F4A2BE5116675C2900855DB9 /* MicIndicatorView.swift */ = {isa = PBXFileReference; lastKnownFileType = sourcecode.swift; path = MicIndicatorView.swift; sourceTree = "<group>"; };
		F51949CF09546D1646A42CEC /* Info.plist */ = {isa = PBXFileReference; lastKnownFileType = text.plist; path = Info.plist; sourceTree = "<group>"; };
		F52CA48D88588952DA527E63 /* AudioService.swift */ = {isa = PBXFileReference; lastKnownFileType = sourcecode.swift; path = AudioService.swift; sourceTree = "<group>"; };
		F94B29ECE03EABB976AAD599 /* PianoHintView.swift */ = {isa = PBXFileReference; lastKnownFileType = sourcecode.swift; path = PianoHintView.swift; sourceTree = "<group>"; };
/* End PBXFileReference section */

/* Begin PBXFrameworksBuildPhase section */
		A8958EB57DFB674C67B804F5 /* Frameworks */ = {
			isa = PBXFrameworksBuildPhase;
			buildActionMask = 2147483647;
			files = (
				C828DE1E71701AD1670549F4 /* AudioKit in Frameworks */,
				68FE81C74B96B3FB769FF523 /* AudioKitEX in Frameworks */,
				775D8A0D8DCD98F2DA15431E /* SoundpipeAudioKit in Frameworks */,
			);
			runOnlyForDeploymentPostprocessing = 0;
		};
/* End PBXFrameworksBuildPhase section */

/* Begin PBXGroup section */
		28005B421F09F102212E4EEE /* Practice */ = {
			isa = PBXGroup;
			children = (
				5EEEEF4441528A21816333F6 /* ConfettiView.swift */,
				0F690D99412AEEDA941E8EA8 /* CounterView.swift */,
				F4A2BE5116675C2900855DB9 /* MicIndicatorView.swift */,
				F94B29ECE03EABB976AAD599 /* PianoHintView.swift */,
				3870A9705128AD41F8E5A507 /* PracticeView.swift */,
				38D74ABAAD6A81F091A7A154 /* SadFaceView.swift */,
				E089D3CED61080EB3896FC94 /* StaffView.swift */,
			);
			path = Practice;
			sourceTree = "<group>";
		};
		45528B9DEEA0775F2E3FCF57 /* Views */ = {
			isa = PBXGroup;
			children = (
				8D5452C697D5B17C7FE7953A /* Components */,
				28005B421F09F102212E4EEE /* Practice */,
				E6605EFAE8A4EFCCEDE0F54A /* Profiles */,
			);
			path = Views;
			sourceTree = "<group>";
		};
		50A2B592870BF76024B7EB5C /* Products */ = {
			isa = PBXGroup;
			children = (
				2AA8771FECABB3D83ED34780 /* Musica.app */,
				25B1362092BDCDA84539BBAB /* MusicaTests.xctest */,
			);
			name = Products;
			sourceTree = "<group>";
		};
		71522F049704A0615A96FB11 /* Musica */ = {
			isa = PBXGroup;
			children = (
				456417FCA724FF7836597821 /* Config.swift */,
				F51949CF09546D1646A42CEC /* Info.plist */,
				C6C912AFB129EE193B9A88D4 /* MusicaApp.swift */,
				98C078F399F19B2393B0DF0C /* Models */,
				B1A6102E3D434B780D3674F0 /* Services */,
				45528B9DEEA0775F2E3FCF57 /* Views */,
			);
			path = Musica;
			sourceTree = "<group>";
		};
		790FEF384DDEE5E7F0E60260 /* MusicaTests */ = {
			isa = PBXGroup;
			children = (
				BE5732B7AB308699D428C573 /* MusicaTests.swift */,
				F23FCC119CD1E9456F16C06E /* MusicNoteTests.swift */,
			);
			path = MusicaTests;
			sourceTree = "<group>";
		};
		8D5452C697D5B17C7FE7953A /* Components */ = {
			isa = PBXGroup;
			children = (
				5F9A4FE7198239C1BAE79B5E /* AvatarView.swift */,
			);
			path = Components;
			sourceTree = "<group>";
		};
		98C078F399F19B2393B0DF0C /* Models */ = {
			isa = PBXGroup;
			children = (
				75487075333F190A1F70F209 /* DailyProgress.swift */,
				BF9EF232BE335815432AA91B /* MusicNote.swift */,
				1F2D4EECA02ADBEE1F0FFAFE /* Profile.swift */,
			);
			path = Models;
			sourceTree = "<group>";
		};
		B1A6102E3D434B780D3674F0 /* Services */ = {
			isa = PBXGroup;
			children = (
				F52CA48D88588952DA527E63 /* AudioService.swift */,
				401D55854170AC7BB387B422 /* PracticeViewModel.swift */,
			);
			path = Services;
			sourceTree = "<group>";
		};
		C53CFE9BD5552D8F93FFB0EB = {
			isa = PBXGroup;
			children = (
				71522F049704A0615A96FB11 /* Musica */,
				790FEF384DDEE5E7F0E60260 /* MusicaTests */,
				50A2B592870BF76024B7EB5C /* Products */,
			);
			sourceTree = "<group>";
		};
		E6605EFAE8A4EFCCEDE0F54A /* Profiles */ = {
			isa = PBXGroup;
			children = (
				128B16F4AB81A1ED6E962CAF /* CreateProfileView.swift */,
				52E40A56BE22DF436C64BD6B /* ProfileListView.swift */,
			);
			path = Profiles;
			sourceTree = "<group>";
		};
/* End PBXGroup section */

/* Begin PBXNativeTarget section */
		7FB2F0D37EE8B5A7F6284AEC /* Musica */ = {
			isa = PBXNativeTarget;
			buildConfigurationList = A1E718D24ABCF98C6F51D3C2 /* Build configuration list for PBXNativeTarget "Musica" */;
			buildPhases = (
				81F029100FA93382EAE27810 /* Sources */,
				A8958EB57DFB674C67B804F5 /* Frameworks */,
			);
			buildRules = (
			);
			dependencies = (
			);
			name = Musica;
			packageProductDependencies = (
				C70BF33E4254F5FCF381D020 /* AudioKit */,
				63CED006F037579086B431A7 /* AudioKitEX */,
				9359448668D66A5A0E5630E2 /* SoundpipeAudioKit */,
			);
			productName = Musica;
			productReference = 2AA8771FECABB3D83ED34780 /* Musica.app */;
			productType = "com.apple.product-type.application";
		};
		C065AEBAC137BE36F73923F0 /* MusicaTests */ = {
			isa = PBXNativeTarget;
			buildConfigurationList = 8298E4F3011C4C1F64E6A5A0 /* Build configuration list for PBXNativeTarget "MusicaTests" */;
			buildPhases = (
				CE188D513A62931F48F42FDD /* Sources */,
			);
			buildRules = (
			);
			dependencies = (
				35A7EF3191676AC3F8146033 /* PBXTargetDependency */,
			);
			name = MusicaTests;
			packageProductDependencies = (
			);
			productName = MusicaTests;
			productReference = 25B1362092BDCDA84539BBAB /* MusicaTests.xctest */;
			productType = "com.apple.product-type.bundle.unit-test";
		};
/* End PBXNativeTarget section */

/* Begin PBXProject section */
		D72713B59927EF2CF2A744E7 /* Project object */ = {
			isa = PBXProject;
			attributes = {
				BuildIndependentTargetsInParallel = YES;
				LastUpgradeCheck = 2600;
				TargetAttributes = {
					7FB2F0D37EE8B5A7F6284AEC = {
						DevelopmentTeam = KQCJ2X2GSH;
						ProvisioningStyle = Automatic;
					};
					C065AEBAC137BE36F73923F0 = {
						DevelopmentTeam = KQCJ2X2GSH;
						ProvisioningStyle = Automatic;
					};
				};
			};
			buildConfigurationList = D2B379E7EA793DBE21D00CE9 /* Build configuration list for PBXProject "Musica" */;
			developmentRegion = en;
			hasScannedForEncodings = 0;
			knownRegions = (
				Base,
				en,
			);
			mainGroup = C53CFE9BD5552D8F93FFB0EB;
			minimizedProjectReferenceProxies = 1;
			packageReferences = (
				866EF62C0A1F762CFFE44694 /* XCRemoteSwiftPackageReference "AudioKit" */,
				805B0E08F0F33B0B27B36031 /* XCRemoteSwiftPackageReference "AudioKitEX" */,
				EDDC480CC78F4A121340295F /* XCRemoteSwiftPackageReference "SoundpipeAudioKit" */,
			);
			preferredProjectObjectVersion = 77;
			productRefGroup = 50A2B592870BF76024B7EB5C /* Products */;
			projectDirPath = "";
			projectRoot = "";
			targets = (
				7FB2F0D37EE8B5A7F6284AEC /* Musica */,
				C065AEBAC137BE36F73923F0 /* MusicaTests */,
			);
		};
/* End PBXProject section */

/* Begin PBXSourcesBuildPhase section */
		81F029100FA93382EAE27810 /* Sources */ = {
			isa = PBXSourcesBuildPhase;
			buildActionMask = 2147483647;
			files = (
				3412780AE299E24E1660A6BE /* AudioService.swift in Sources */,
				E5799AB828240C6E0418476C /* AvatarView.swift in Sources */,
				56DCB093D516B6D97396382F /* ConfettiView.swift in Sources */,
				F4C3E38E2A001928B0908119 /* Config.swift in Sources */,
				B498F67FEAB7647F6DA3F75D /* CounterView.swift in Sources */,
				BFF7A9038D9CED95F9AC07FC /* CreateProfileView.swift in Sources */,
				448094AE4D40CC19660BD24B /* DailyProgress.swift in Sources */,
				8F81A70F6DF61A5FF57599D2 /* MicIndicatorView.swift in Sources */,
				71CC1C96965F71C37E2EC6CD /* MusicNote.swift in Sources */,
				B7DEAEF1B6C80FDF16234312 /* MusicaApp.swift in Sources */,
				A602477C60645649BBCEA9B1 /* PianoHintView.swift in Sources */,
				6D8FF8ADF99D2C3AC091113C /* PracticeView.swift in Sources */,
				D86A739580DCD72C0416AB49 /* PracticeViewModel.swift in Sources */,
				BC8DE7594470F10E7C05869F /* Profile.swift in Sources */,
				EBDE7BF138DBE78731FAEA2A /* ProfileListView.swift in Sources */,
				B19E81444F0F11DA0CDBAFD3 /* SadFaceView.swift in Sources */,
				CD6E707DB7F1F82055D6D4A9 /* StaffView.swift in Sources */,
			);
			runOnlyForDeploymentPostprocessing = 0;
		};
		CE188D513A62931F48F42FDD /* Sources */ = {
			isa = PBXSourcesBuildPhase;
			buildActionMask = 2147483647;
			files = (
				BD990F2EAC46AF8CDDBBFA56 /* MusicNoteTests.swift in Sources */,
				800978C25ADA096F2B49A610 /* MusicaTests.swift in Sources */,
			);
			runOnlyForDeploymentPostprocessing = 0;
		};
/* End PBXSourcesBuildPhase section */

/* Begin PBXTargetDependency section */
		35A7EF3191676AC3F8146033 /* PBXTargetDependency */ = {
			isa = PBXTargetDependency;
			target = 7FB2F0D37EE8B5A7F6284AEC /* Musica */;
			targetProxy = 08029DE17E30F0D587981BAE /* PBXContainerItemProxy */;
		};
/* End PBXTargetDependency section */

/* Begin XCBuildConfiguration section */
		010316F07C5C68E425C33F7E /* Release */ = {
			isa = XCBuildConfiguration;
			buildSettings = {
				BUNDLE_LOADER = "$(TEST_HOST)";
				GENERATE_INFOPLIST_FILE = YES;
				LD_RUNPATH_SEARCH_PATHS = (
					"$(inherited)",
					"@executable_path/Frameworks",
					"@loader_path/Frameworks",
				);
				PRODUCT_BUNDLE_IDENTIFIER = com.musica.MusicaTests;
				SDKROOT = iphoneos;
				TARGETED_DEVICE_FAMILY = "1,2";
				TEST_HOST = "$(BUILT_PRODUCTS_DIR)/Musica.app/$(BUNDLE_EXECUTABLE_FOLDER_PATH)/Musica";
			};
			name = Release;
		};
		44B684BC0DFE8FDD8B1ADA65 /* Release */ = {
			isa = XCBuildConfiguration;
			buildSettings = {
				ALWAYS_SEARCH_USER_PATHS = NO;
				CLANG_ANALYZER_NONNULL = YES;
				CLANG_ANALYZER_NUMBER_OBJECT_CONVERSION = YES_AGGRESSIVE;
				CLANG_CXX_LANGUAGE_STANDARD = "gnu++14";
				CLANG_CXX_LIBRARY = "libc++";
				CLANG_ENABLE_MODULES = YES;
				CLANG_ENABLE_OBJC_ARC = YES;
				CLANG_ENABLE_OBJC_WEAK = YES;
				CLANG_WARN_BLOCK_CAPTURE_AUTORELEASING = YES;
				CLANG_WARN_BOOL_CONVERSION = YES;
				CLANG_WARN_COMMA = YES;
				CLANG_WARN_CONSTANT_CONVERSION = YES;
				CLANG_WARN_DEPRECATED_OBJC_IMPLEMENTATIONS = YES;
				CLANG_WARN_DIRECT_OBJC_ISA_USAGE = YES_ERROR;
				CLANG_WARN_DOCUMENTATION_COMMENTS = YES;
				CLANG_WARN_EMPTY_BODY = YES;
				CLANG_WARN_ENUM_CONVERSION = YES;
				CLANG_WARN_INFINITE_RECURSION = YES;
				CLANG_WARN_INT_CONVERSION = YES;
				CLANG_WARN_NON_LITERAL_NULL_CONVERSION = YES;
				CLANG_WARN_OBJC_IMPLICIT_RETAIN_SELF = YES;
				CLANG_WARN_OBJC_LITERAL_CONVERSION = YES;
				CLANG_WARN_OBJC_ROOT_CLASS = YES_ERROR;
				CLANG_WARN_QUOTED_INCLUDE_IN_FRAMEWORK_HEADER = YES;
				CLANG_WARN_RANGE_LOOP_ANALYSIS = YES;
				CLANG_WARN_STRICT_PROTOTYPES = YES;
				CLANG_WARN_SUSPICIOUS_MOVE = YES;
				CLANG_WARN_UNGUARDED_AVAILABILITY = YES_AGGRESSIVE;
				CLANG_WARN_UNREACHABLE_CODE = YES;
				CLANG_WARN__DUPLICATE_METHOD_MATCH = YES;
				CODE_SIGN_STYLE = Automatic;
				COPY_PHASE_STRIP = NO;
				DEBUG_INFORMATION_FORMAT = "dwarf-with-dsym";
				DEVELOPMENT_TEAM = KQCJ2X2GSH;
				ENABLE_NS_ASSERTIONS = NO;
				ENABLE_STRICT_OBJC_MSGSEND = YES;
				GCC_C_LANGUAGE_STANDARD = gnu11;
				GCC_NO_COMMON_BLOCKS = YES;
				GCC_WARN_64_TO_32_BIT_CONVERSION = YES;
				GCC_WARN_ABOUT_RETURN_TYPE = YES_ERROR;
				GCC_WARN_UNDECLARED_SELECTOR = YES;
				GCC_WARN_UNINITIALIZED_AUTOS = YES_AGGRESSIVE;
				GCC_WARN_UNUSED_FUNCTION = YES;
				GCC_WARN_UNUSED_VARIABLE = YES;
				IPHONEOS_DEPLOYMENT_TARGET = 17.0;
				MTL_ENABLE_DEBUG_INFO = NO;
				MTL_FAST_MATH = YES;
				PRODUCT_NAME = "$(TARGET_NAME)";
				SDKROOT = iphoneos;
				SWIFT_COMPILATION_MODE = wholemodule;
				SWIFT_OPTIMIZATION_LEVEL = "-O";
				SWIFT_VERSION = 6.0;
			};
			name = Release;
		};
		5E5A6F84C3CCD3CA8DE7DBC5 /* Release */ = {
			isa = XCBuildConfiguration;
			buildSettings = {
				ASSETCATALOG_COMPILER_APPICON_NAME = AppIcon;
				CODE_SIGN_IDENTITY = "iPhone Developer";
				INFOPLIST_FILE = Musica/Info.plist;
				LD_RUNPATH_SEARCH_PATHS = (
					"$(inherited)",
					"@executable_path/Frameworks",
				);
				PRODUCT_BUNDLE_IDENTIFIER = com.themehrdad.musica.app;
				SDKROOT = iphoneos;
				TARGETED_DEVICE_FAMILY = "1,2";
			};
			name = Release;
		};
		8D1CCA8D8273C5C90A3D7259 /* Debug */ = {
			isa = XCBuildConfiguration;
			buildSettings = {
				ALWAYS_SEARCH_USER_PATHS = NO;
				CLANG_ANALYZER_NONNULL = YES;
				CLANG_ANALYZER_NUMBER_OBJECT_CONVERSION = YES_AGGRESSIVE;
				CLANG_CXX_LANGUAGE_STANDARD = "gnu++14";
				CLANG_CXX_LIBRARY = "libc++";
				CLANG_ENABLE_MODULES = YES;
				CLANG_ENABLE_OBJC_ARC = YES;
				CLANG_ENABLE_OBJC_WEAK = YES;
				CLANG_WARN_BLOCK_CAPTURE_AUTORELEASING = YES;
				CLANG_WARN_BOOL_CONVERSION = YES;
				CLANG_WARN_COMMA = YES;
				CLANG_WARN_CONSTANT_CONVERSION = YES;
				CLANG_WARN_DEPRECATED_OBJC_IMPLEMENTATIONS = YES;
				CLANG_WARN_DIRECT_OBJC_ISA_USAGE = YES_ERROR;
				CLANG_WARN_DOCUMENTATION_COMMENTS = YES;
				CLANG_WARN_EMPTY_BODY = YES;
				CLANG_WARN_ENUM_CONVERSION = YES;
				CLANG_WARN_INFINITE_RECURSION = YES;
				CLANG_WARN_INT_CONVERSION = YES;
				CLANG_WARN_NON_LITERAL_NULL_CONVERSION = YES;
				CLANG_WARN_OBJC_IMPLICIT_RETAIN_SELF = YES;
				CLANG_WARN_OBJC_LITERAL_CONVERSION = YES;
				CLANG_WARN_OBJC_ROOT_CLASS = YES_ERROR;
				CLANG_WARN_QUOTED_INCLUDE_IN_FRAMEWORK_HEADER = YES;
				CLANG_WARN_RANGE_LOOP_ANALYSIS = YES;
				CLANG_WARN_STRICT_PROTOTYPES = YES;
				CLANG_WARN_SUSPICIOUS_MOVE = YES;
				CLANG_WARN_UNGUARDED_AVAILABILITY = YES_AGGRESSIVE;
				CLANG_WARN_UNREACHABLE_CODE = YES;
				CLANG_WARN__DUPLICATE_METHOD_MATCH = YES;
				CODE_SIGN_STYLE = Automatic;
				COPY_PHASE_STRIP = NO;
				DEBUG_INFORMATION_FORMAT = dwarf;
				DEVELOPMENT_TEAM = KQCJ2X2GSH;
				ENABLE_STRICT_OBJC_MSGSEND = YES;
				ENABLE_TESTABILITY = YES;
				GCC_C_LANGUAGE_STANDARD = gnu11;
				GCC_DYNAMIC_NO_PIC = NO;
				GCC_NO_COMMON_BLOCKS = YES;
				GCC_OPTIMIZATION_LEVEL = 0;
				GCC_PREPROCESSOR_DEFINITIONS = (
					"$(inherited)",
					"DEBUG=1",
				);
				GCC_WARN_64_TO_32_BIT_CONVERSION = YES;
				GCC_WARN_ABOUT_RETURN_TYPE = YES_ERROR;
				GCC_WARN_UNDECLARED_SELECTOR = YES;
				GCC_WARN_UNINITIALIZED_AUTOS = YES_AGGRESSIVE;
				GCC_WARN_UNUSED_FUNCTION = YES;
				GCC_WARN_UNUSED_VARIABLE = YES;
				IPHONEOS_DEPLOYMENT_TARGET = 17.0;
				MTL_ENABLE_DEBUG_INFO = INCLUDE_SOURCE;
				MTL_FAST_MATH = YES;
				ONLY_ACTIVE_ARCH = YES;
				PRODUCT_NAME = "$(TARGET_NAME)";
				SDKROOT = iphoneos;
				SWIFT_ACTIVE_COMPILATION_CONDITIONS = DEBUG;
				SWIFT_OPTIMIZATION_LEVEL = "-Onone";
				SWIFT_VERSION = 6.0;
			};
			name = Debug;
		};
		D2150C33A7D16D40429A4CFB /* Debug */ = {
			isa = XCBuildConfiguration;
			buildSettings = {
				BUNDLE_LOADER = "$(TEST_HOST)";
				GENERATE_INFOPLIST_FILE = YES;
				LD_RUNPATH_SEARCH_PATHS = (
					"$(inherited)",
					"@executable_path/Frameworks",
					"@loader_path/Frameworks",
				);
				PRODUCT_BUNDLE_IDENTIFIER = com.musica.MusicaTests;
				SDKROOT = iphoneos;
				TARGETED_DEVICE_FAMILY = "1,2";
				TEST_HOST = "$(BUILT_PRODUCTS_DIR)/Musica.app/$(BUNDLE_EXECUTABLE_FOLDER_PATH)/Musica";
			};
			name = Debug;
		};
		DFC137D78D7F3509AA3D44EB /* Debug */ = {
			isa = XCBuildConfiguration;
			buildSettings = {
				ASSETCATALOG_COMPILER_APPICON_NAME = AppIcon;
				CODE_SIGN_IDENTITY = "iPhone Developer";
				INFOPLIST_FILE = Musica/Info.plist;
				LD_RUNPATH_SEARCH_PATHS = (
					"$(inherited)",
					"@executable_path/Frameworks",
				);
				PRODUCT_BUNDLE_IDENTIFIER = com.themehrdad.musica.app;
				SDKROOT = iphoneos;
				TARGETED_DEVICE_FAMILY = "1,2";
			};
			name = Debug;
		};
/* End XCBuildConfiguration section */

/* Begin XCConfigurationList section */
		8298E4F3011C4C1F64E6A5A0 /* Build configuration list for PBXNativeTarget "MusicaTests" */ = {
			isa = XCConfigurationList;
			buildConfigurations = (
				D2150C33A7D16D40429A4CFB /* Debug */,
				010316F07C5C68E425C33F7E /* Release */,
			);
			defaultConfigurationIsVisible = 0;
			defaultConfigurationName = Debug;
		};
		A1E718D24ABCF98C6F51D3C2 /* Build configuration list for PBXNativeTarget "Musica" */ = {
			isa = XCConfigurationList;
			buildConfigurations = (
				DFC137D78D7F3509AA3D44EB /* Debug */,
				5E5A6F84C3CCD3CA8DE7DBC5 /* Release */,
			);
			defaultConfigurationIsVisible = 0;
			defaultConfigurationName = Debug;
		};
		D2B379E7EA793DBE21D00CE9 /* Build configuration list for PBXProject "Musica" */ = {
			isa = XCConfigurationList;
			buildConfigurations = (
				8D1CCA8D8273C5C90A3D7259 /* Debug */,
				44B684BC0DFE8FDD8B1ADA65 /* Release */,
			);
			defaultConfigurationIsVisible = 0;
			defaultConfigurationName = Debug;
		};
/* End XCConfigurationList section */

/* Begin XCRemoteSwiftPackageReference section */
		805B0E08F0F33B0B27B36031 /* XCRemoteSwiftPackageReference "AudioKitEX" */ = {
			isa = XCRemoteSwiftPackageReference;
			repositoryURL = "https://github.com/AudioKit/AudioKitEX";
			requirement = {
				kind = upToNextMajorVersion;
				minimumVersion = 5.5.0;
			};
		};
		866EF62C0A1F762CFFE44694 /* XCRemoteSwiftPackageReference "AudioKit" */ = {
			isa = XCRemoteSwiftPackageReference;
			repositoryURL = "https://github.com/AudioKit/AudioKit.git";
			requirement = {
				kind = upToNextMajorVersion;
				minimumVersion = 5.6.0;
			};
		};
		EDDC480CC78F4A121340295F /* XCRemoteSwiftPackageReference "SoundpipeAudioKit" */ = {
			isa = XCRemoteSwiftPackageReference;
			repositoryURL = "https://github.com/AudioKit/SoundpipeAudioKit.git";
			requirement = {
				kind = upToNextMajorVersion;
				minimumVersion = 5.6.0;
			};
		};
/* End XCRemoteSwiftPackageReference section */

/* Begin XCSwiftPackageProductDependency section */
		63CED006F037579086B431A7 /* AudioKitEX */ = {
			isa = XCSwiftPackageProductDependency;
			package = 805B0E08F0F33B0B27B36031 /* XCRemoteSwiftPackageReference "AudioKitEX" */;
			productName = AudioKitEX;
		};
		9359448668D66A5A0E5630E2 /* SoundpipeAudioKit */ = {
			isa = XCSwiftPackageProductDependency;
			package = EDDC480CC78F4A121340295F /* XCRemoteSwiftPackageReference "SoundpipeAudioKit" */;
			productName = SoundpipeAudioKit;
		};
		C70BF33E4254F5FCF381D020 /* AudioKit */ = {
			isa = XCSwiftPackageProductDependency;
			package = 866EF62C0A1F762CFFE44694 /* XCRemoteSwiftPackageReference "AudioKit" */;
			productName = AudioKit;
		};
/* End XCSwiftPackageProductDependency section */
	};
	rootObject = D72713B59927EF2CF2A744E7 /* Project object */;
}
